
Microsoft Visual Studio Solution File, Format Version 12.00
# Visual Studio Version 17
VisualStudioVersion = 17.4.33122.133
MinimumVisualStudioVersion = 10.0.40219.1
Project("{FAE04EC0-301F-11D3-BF4B-00C04F79EFBC}") = "GenerateShop", "GenerateShop\GenerateShop.csproj", "{199234F6-F460-418E-BA7A-B0D1376C2FC1}"
EndProject
Global
	GlobalSection(SolutionConfigurationPlatforms) = preSolution
		Debug|Any CPU = Debug|Any CPU
		Release|Any CPU = Release|Any CPU
	EndGlobalSection
	GlobalSection(ProjectConfigurationPlatforms) = postSolution
		{199234F6-F460-418E-BA7A-B0D1376C2FC1}.Debug|Any CPU.ActiveCfg = Debug|Any CPU
		{199234F6-F460-418E-BA7A-B0D1376C2FC1}.Debug|Any CPU.Build.0 = Debug|Any CPU
		{199234F6-F460-418E-BA7A-B0D1376C2FC1}.Release|Any CPU.ActiveCfg = Release|Any CPU
		{199234F6-F460-418E-BA7A-B0D1376C2FC1}.Release|Any CPU.Build.0 = Release|Any CPU
	EndGlobalSection
	GlobalSection(SolutionProperties) = preSolution
		HideSolutionNode = FALSE
	EndGlobalSection
	GlobalSection(ExtensibilityGlobals) = postSolution
		SolutionGuid = {D14984EC-3C0F-4E90-9504-41235A6DD799}
	EndGlobalSection
EndGlobal
